github.com/sujithq/ideal-octo-guacamole v0.0.2 h1:LbV2vjJiW0BKCxgJ4g9humpJ+Luz4CIMJ/D2Bx2ubOc=
github.com/sujithq/ideal-octo-guacamole v0.0.2/go.mod h1:VT/kU//6UXVWJtGrCjVkK9zV9Dm6c2ZKC0dxWLxTIjE=
github.com/sujithq/ideal-octo-guacamole v0.0.3 h1:jizQzOkUe693sJoQ92QpAPrS9Gycd2+uIWf2t9UUagM=
github.com/sujithq/ideal-octo-guacamole v0.0.3/go.mod h1:VT/kU//6UXVWJtGrCjVkK9zV9Dm6c2ZKC0dxWLxTIjE=
