
Microsoft Visual Studio Solution File, Format Version 12.00
# Visual Studio Version 17
VisualStudioVersion = 17.0.31903.59
MinimumVisualStudioVersion = 10.0.40219.1
Project("{2150E333-8FDC-42A3-9474-1A3956D46DE8}") = "src", "src", "{827E0CD3-B72D-47B6-A68D-7590B98EB39B}"
EndProject
Project("{FAE04EC0-301F-11D3-BF4B-00C04F79EFBC}") = "SampleApp", "src\SampleApp\SampleApp.csproj", "{2BBEA51C-4388-4DCE-ABAE-1BE43F2B2AB1}"
EndProject
Project("{2150E333-8FDC-42A3-9474-1A3956D46DE8}") = "tests", "tests", "{0AB3BF05-4346-4AA6-1389-037BE0695223}"
EndProject
Project("{FAE04EC0-301F-11D3-BF4B-00C04F79EFBC}") = "SampleApp.Tests", "tests\SampleApp.Tests\SampleApp.Tests.csproj", "{38CAC2A0-BB0A-4BB7-8831-B479AFC37990}"
EndProject
Global
	GlobalSection(SolutionConfigurationPlatforms) = preSolution
		Debug|Any CPU = Debug|Any CPU
		Debug|x64 = Debug|x64
		Debug|x86 = Debug|x86
		Release|Any CPU = Release|Any CPU
		Release|x64 = Release|x64
		Release|x86 = Release|x86
	EndGlobalSection
	GlobalSection(ProjectConfigurationPlatforms) = postSolution
		{2BBEA51C-4388-4DCE-ABAE-1BE43F2B2AB1}.Debug|Any CPU.ActiveCfg = Debug|Any CPU
		{2BBEA51C-4388-4DCE-ABAE-1BE43F2B2AB1}.Debug|Any CPU.Build.0 = Debug|Any CPU
		{2BBEA51C-4388-4DCE-ABAE-1BE43F2B2AB1}.Debug|x64.ActiveCfg = Debug|Any CPU
		{2BBEA51C-4388-4DCE-ABAE-1BE43F2B2AB1}.Debug|x64.Build.0 = Debug|Any CPU
		{2BBEA51C-4388-4DCE-ABAE-1BE43F2B2AB1}.Debug|x86.ActiveCfg = Debug|Any CPU
		{2BBEA51C-4388-4DCE-ABAE-1BE43F2B2AB1}.Debug|x86.Build.0 = Debug|Any CPU
		{2BBEA51C-4388-4DCE-ABAE-1BE43F2B2AB1}.Release|Any CPU.ActiveCfg = Release|Any CPU
		{2BBEA51C-4388-4DCE-ABAE-1BE43F2B2AB1}.Release|Any CPU.Build.0 = Release|Any CPU
		{2BBEA51C-4388-4DCE-ABAE-1BE43F2B2AB1}.Release|x64.ActiveCfg = Release|Any CPU
		{2BBEA51C-4388-4DCE-ABAE-1BE43F2B2AB1}.Release|x64.Build.0 = Release|Any CPU
		{2BBEA51C-4388-4DCE-ABAE-1BE43F2B2AB1}.Release|x86.ActiveCfg = Release|Any CPU
		{2BBEA51C-4388-4DCE-ABAE-1BE43F2B2AB1}.Release|x86.Build.0 = Release|Any CPU
		{38CAC2A0-BB0A-4BB7-8831-B479AFC37990}.Debug|Any CPU.ActiveCfg = Debug|Any CPU
		{38CAC2A0-BB0A-4BB7-8831-B479AFC37990}.Debug|Any CPU.Build.0 = Debug|Any CPU
		{38CAC2A0-BB0A-4BB7-8831-B479AFC37990}.Debug|x64.ActiveCfg = Debug|Any CPU
		{38CAC2A0-BB0A-4BB7-8831-B479AFC37990}.Debug|x64.Build.0 = Debug|Any CPU
		{38CAC2A0-BB0A-4BB7-8831-B479AFC37990}.Debug|x86.ActiveCfg = Debug|Any CPU
		{38CAC2A0-BB0A-4BB7-8831-B479AFC37990}.Debug|x86.Build.0 = Debug|Any CPU
		{38CAC2A0-BB0A-4BB7-8831-B479AFC37990}.Release|Any CPU.ActiveCfg = Release|Any CPU
		{38CAC2A0-BB0A-4BB7-8831-B479AFC37990}.Release|Any CPU.Build.0 = Release|Any CPU
		{38CAC2A0-BB0A-4BB7-8831-B479AFC37990}.Release|x64.ActiveCfg = Release|Any CPU
		{38CAC2A0-BB0A-4BB7-8831-B479AFC37990}.Release|x64.Build.0 = Release|Any CPU
		{38CAC2A0-BB0A-4BB7-8831-B479AFC37990}.Release|x86.ActiveCfg = Release|Any CPU
		{38CAC2A0-BB0A-4BB7-8831-B479AFC37990}.Release|x86.Build.0 = Release|Any CPU
	EndGlobalSection
	GlobalSection(SolutionProperties) = preSolution
		HideSolutionNode = FALSE
	EndGlobalSection
	GlobalSection(NestedProjects) = preSolution
		{2BBEA51C-4388-4DCE-ABAE-1BE43F2B2AB1} = {827E0CD3-B72D-47B6-A68D-7590B98EB39B}
		{38CAC2A0-BB0A-4BB7-8831-B479AFC37990} = {0AB3BF05-4346-4AA6-1389-037BE0695223}
	EndGlobalSection
EndGlobal
