# gh-aw-metadata: {"schema_version":"v3","frontmatter_hash":"7366d970a96b7400fb271866b273a464e8485b1820bb3019eebe402cb61c523d","compiler_version":"v0.71.1","strict":true,"agent_id":"copilot"}
# gh-aw-manifest: {"version":1,"secrets":["COPILOT_GITHUB_TOKEN","GH_AW_GITHUB_MCP_SERVER_TOKEN","GH_AW_GITHUB_TOKEN","GITHUB_TOKEN"],"actions":[{"repo":"actions/checkout","sha":"de0fac2e4500dabe0009e67214ff5f5447ce83dd"},...]
"name": "Daily"
"on":
  schedule:
  - cron: "9 10 * * *"
    # Friendly format: daily (scattered)
  workflow_dispatch:
    inputs:
      aw_context:
        default: ""
        description: Agent caller context (used internally by Agentic Workflows).

 permissions: {}
concurrency:
 constant # much-shorter **version*******